
Microsoft Visual Studio Solution File, Format Version 12.00
# Visual Studio Version 16
VisualStudioVersion = 16.0.32002.261
MinimumVisualStudioVersion = 10.0.40219.1
Project("{FAE04EC0-301F-11D3-BF4B-00C04F79EFBC}") = "JustDnaceManeger", "JustDnaceManeger.csproj", "{38FEB5AB-CC3C-4E42-9DD5-35F527D557A0}"
EndProject
Global
	GlobalSection(SolutionConfigurationPlatforms) = preSolution
		Debug|Any CPU = Debug|Any CPU
		Release|Any CPU = Release|Any CPU
	EndGlobalSection
	GlobalSection(ProjectConfigurationPlatforms) = postSolution
		{38FEB5AB-CC3C-4E42-9DD5-35F527D557A0}.Debug|Any CPU.ActiveCfg = Debug|Any CPU
		{38FEB5AB-CC3C-4E42-9DD5-35F527D557A0}.Debug|Any CPU.Build.0 = Debug|Any CPU
		{38FEB5AB-CC3C-4E42-9DD5-35F527D557A0}.Release|Any CPU.ActiveCfg = Release|Any CPU
		{38FEB5AB-CC3C-4E42-9DD5-35F527D557A0}.Release|Any CPU.Build.0 = Release|Any CPU
	EndGlobalSection
	GlobalSection(SolutionProperties) = preSolution
		HideSolutionNode = FALSE
	EndGlobalSection
	GlobalSection(ExtensibilityGlobals) = postSolution
		SolutionGuid = {941D6BF3-AEDB-44B9-9B0A-8B02F2D0C5F0}
	EndGlobalSection
EndGlobal
